
Microsoft Visual Studio Solution File, Format Version 12.00
# Visual Studio Version 16
VisualStudioVersion = 16.0.30621.155
MinimumVisualStudioVersion = 10.0.40219.1
Project("{FAE04EC0-301F-11D3-BF4B-00C04F79EFBC}") = "Catalog_GUI", "Catalog_GUI\Catalog_GUI.csproj", "{5FDBB0FA-9BE3-4622-AABF-CFFFE223EFBE}"
EndProject
Global
	GlobalSection(SolutionConfigurationPlatforms) = preSolution
		Debug|Any CPU = Debug|Any CPU
		Release|Any CPU = Release|Any CPU
	EndGlobalSection
	GlobalSection(ProjectConfigurationPlatforms) = postSolution
		{5FDBB0FA-9BE3-4622-AABF-CFFFE223EFBE}.Debug|Any CPU.ActiveCfg = Debug|Any CPU
		{5FDBB0FA-9BE3-4622-AABF-CFFFE223EFBE}.Debug|Any CPU.Build.0 = Debug|Any CPU
		{5FDBB0FA-9BE3-4622-AABF-CFFFE223EFBE}.Release|Any CPU.ActiveCfg = Release|Any CPU
		{5FDBB0FA-9BE3-4622-AABF-CFFFE223EFBE}.Release|Any CPU.Build.0 = Release|Any CPU
	EndGlobalSection
	GlobalSection(SolutionProperties) = preSolution
		HideSolutionNode = FALSE
	EndGlobalSection
	GlobalSection(ExtensibilityGlobals) = postSolution
		SolutionGuid = {25B019A9-E10C-403A-9A81-3786FBDBA57B}
	EndGlobalSection
EndGlobal
