
Microsoft Visual Studio Solution File, Format Version 12.00
# Visual Studio Version 16
VisualStudioVersion = 16.0.30621.155
MinimumVisualStudioVersion = 10.0.40219.1
Project("{FAE04EC0-301F-11D3-BF4B-00C04F79EFBC}") = "DataBase_Service", "DataBase_Service\DataBase_Service.csproj", "{56B90E5F-B2D7-4BA8-8155-97C8B759BDE7}"
EndProject
Project("{FAE04EC0-301F-11D3-BF4B-00C04F79EFBC}") = "DataBase_Logic", "DataBase_Logic\DataBase_Logic.csproj", "{69B1FB6B-9439-480F-9383-55136FD4A594}"
EndProject
Global
	GlobalSection(SolutionConfigurationPlatforms) = preSolution
		Debug|Any CPU = Debug|Any CPU
		Release|Any CPU = Release|Any CPU
	EndGlobalSection
	GlobalSection(ProjectConfigurationPlatforms) = postSolution
		{56B90E5F-B2D7-4BA8-8155-97C8B759BDE7}.Debug|Any CPU.ActiveCfg = Debug|Any CPU
		{56B90E5F-B2D7-4BA8-8155-97C8B759BDE7}.Debug|Any CPU.Build.0 = Debug|Any CPU
		{56B90E5F-B2D7-4BA8-8155-97C8B759BDE7}.Release|Any CPU.ActiveCfg = Release|Any CPU
		{56B90E5F-B2D7-4BA8-8155-97C8B759BDE7}.Release|Any CPU.Build.0 = Release|Any CPU
		{69B1FB6B-9439-480F-9383-55136FD4A594}.Debug|Any CPU.ActiveCfg = Debug|Any CPU
		{69B1FB6B-9439-480F-9383-55136FD4A594}.Debug|Any CPU.Build.0 = Debug|Any CPU
		{69B1FB6B-9439-480F-9383-55136FD4A594}.Release|Any CPU.ActiveCfg = Release|Any CPU
		{69B1FB6B-9439-480F-9383-55136FD4A594}.Release|Any CPU.Build.0 = Release|Any CPU
	EndGlobalSection
	GlobalSection(SolutionProperties) = preSolution
		HideSolutionNode = FALSE
	EndGlobalSection
	GlobalSection(ExtensibilityGlobals) = postSolution
		SolutionGuid = {423873E3-00A0-4355-AE2C-048102D35EC7}
	EndGlobalSection
EndGlobal
